// !$*UTF8*$!
{
	archiveVersion = 1;
	classes = {
	};
	objectVersion = 46;
	objects = {

/* Begin PBXBuildFile section */
		977456071B14F5060096221B /* main.m in Sources */ = {isa = PBXBuildFile; fileRef = 977456061B14F5060096221B /* main.m */; };
		9774560A1B14F5060096221B /* AppDelegate.m in Sources */ = {isa = PBXBuildFile; fileRef = 977456091B14F5060096221B /* AppDelegate.m */; };
		9774560D1B14F5060096221B /* ViewController.m in Sources */ = {isa = PBXBuildFile; fileRef = 9774560C1B14F5060096221B /* ViewController.m */; };
		977456101B14F5060096221B /* Main.storyboard in Resources */ = {isa = PBXBuildFile; fileRef = 9774560E1B14F5060096221B /* Main.storyboard */; };
		977456121B14F5060096221B /* Images.xcassets in Resources */ = {isa = PBXBuildFile; fileRef = 977456111B14F5060096221B /* Images.xcassets */; };
		977456151B14F5060096221B /* LaunchScreen.xib in Resources */ = {isa = PBXBuildFile; fileRef = 977456131B14F5060096221B /* LaunchScreen.xib */; };
		977456211B14F5060096221B /* MeetUpTests.m in Sources */ = {isa = PBXBuildFile; fileRef = 977456201B14F5060096221B /* MeetUpTests.m */; };
		9774562C1B150DD70096221B /* DetailViewController.m in Sources */ = {isa = PBXBuildFile; fileRef = 9774562B1B150DD70096221B /* DetailViewController.m */; };
		9774562F1B151C910096221B /* WebViewController.m in Sources */ = {isa = PBXBuildFile; fileRef = 9774562E1B151C910096221B /* WebViewController.m */; };
/* End PBXBuildFile section */

/* Begin PBXContainerItemProxy section */
		9774561B1B14F5060096221B /* PBXContainerItemProxy */ = {
			isa = PBXContainerItemProxy;
			containerPortal = 977455F91B14F5060096221B /* Project object */;
			proxyType = 1;
			remoteGlobalIDString = 977456001B14F5060096221B;
			remoteInfo = MeetUp;
		};
/* End PBXContainerItemProxy section */

/* Begin PBXFileReference section */
		977456011B14F5060096221B /* MeetUp.app */ = {isa = PBXFileReference; explicitFileType = wrapper.application; includeInIndex = 0; path = MeetUp.app; sourceTree = BUILT_PRODUCTS_DIR; };
		977456051B14F5060096221B /* Info.plist */ = {isa = PBXFileReference; lastKnownFileType = text.plist.xml; path = Info.plist; sourceTree = "<group>"; };
		977456061B14F5060096221B /* main.m */ = {isa = PBXFileReference; lastKnownFileType = sourcecode.c.objc; path = main.m; sourceTree = "<group>"; };
		977456081B14F5060096221B /* AppDelegate.h */ = {isa = PBXFileReference; lastKnownFileType = sourcecode.c.h; path = AppDelegate.h; sourceTree = "<group>"; };
		977456091B14F5060096221B /* AppDelegate.m */ = {isa = PBXFileReference; lastKnownFileType = sourcecode.c.objc; path = AppDelegate.m; sourceTree = "<group>"; };
		9774560B1B14F5060096221B /* ViewController.h */ = {isa = PBXFileReference; lastKnownFileType = sourcecode.c.h; path = ViewController.h; sourceTree = "<group>"; };
		9774560C1B14F5060096221B /* ViewController.m */ = {isa = PBXFileReference; lastKnownFileType = sourcecode.c.objc; path = ViewController.m; sourceTree = "<group>"; };
		9774560F1B14F5060096221B /* Base */ = {isa = PBXFileReference; lastKnownFileType = file.storyboard; name = Base; path = Base.lproj/Main.storyboard; sourceTree = "<group>"; };
		977456111B14F5060096221B /* Images.xcassets */ = {isa = PBXFileReference; lastKnownFileType = folder.assetcatalog; path = Images.xcassets; sourceTree = "<group>"; };
		977456141B14F5060096221B /* Base */ = {isa = PBXFileReference; lastKnownFileType = file.xib; name = Base; path = Base.lproj/LaunchScreen.xib; sourceTree = "<group>"; };
		9774561A1B14F5060096221B /* MeetUpTests.xctest */ = {isa = PBXFileReference; explicitFileType = wrapper.cfbundle; includeInIndex = 0; path = MeetUpTests.xctest; sourceTree = BUILT_PRODUCTS_DIR; };
		9774561F1B14F5060096221B /* Info.plist */ = {isa = PBXFileReference; lastKnownFileType = text.plist.xml; path = Info.plist; sourceTree = "<group>"; };
		977456201B14F5060096221B /* MeetUpTests.m */ = {isa = PBXFileReference; lastKnownFileType = sourcecode.c.objc; path = MeetUpTests.m; sourceTree = "<group>"; };
		9774562A1B150DD70096221B /* DetailViewController.h */ = {isa = PBXFileReference; fileEncoding = 4; lastKnownFileType = sourcecode.c.h; path = DetailViewController.h; sourceTree = "<group>"; };
		9774562B1B150DD70096221B /* DetailViewController.m */ = {isa = PBXFileReference; fileEncoding = 4; lastKnownFileType = sourcecode.c.objc; path = DetailViewController.m; sourceTree = "<group>"; };
		9774562D1B151C910096221B /* WebViewController.h */ = {isa = PBXFileReference; fileEncoding = 4; lastKnownFileType = sourcecode.c.h; path = WebViewController.h; sourceTree = "<group>"; };
		9774562E1B151C910096221B /* WebViewController.m */ = {isa = PBXFileReference; fileEncoding = 4; lastKnownFileType = sourcecode.c.objc; path = WebViewController.m; sourceTree = "<group>"; };
/* End PBXFileReference section */

/* Begin PBXFrameworksBuildPhase section */
		977455FE1B14F5060096221B /* Frameworks */ = {
			isa = PBXFrameworksBuildPhase;
			buildActionMask = 2147483647;
			files = (
			);
			runOnlyForDeploymentPostprocessing = 0;
		};
		977456171B14F5060096221B /* Frameworks */ = {
			isa = PBXFrameworksBuildPhase;
			buildActionMask = 2147483647;
			files = (
			);
			runOnlyForDeploymentPostprocessing = 0;
		};
/* End PBXFrameworksBuildPhase section */

/* Begin PBXGroup section */
		977455F81B14F5060096221B = {
			isa = PBXGroup;
			children = (
				977456031B14F5060096221B /* MeetUp */,
				9774561D1B14F5060096221B /* MeetUpTests */,
				977456021B14F5060096221B /* Products */,
			);
			sourceTree = "<group>";
		};
		977456021B14F5060096221B /* Products */ = {
			isa = PBXGroup;
			children = (
				977456011B14F5060096221B /* MeetUp.app */,
				9774561A1B14F5060096221B /* MeetUpTests.xctest */,
			);
			name = Products;
			sourceTree = "<group>";
		};
		977456031B14F5060096221B /* MeetUp */ = {
			isa = PBXGroup;
			children = (
				977456081B14F5060096221B /* AppDelegate.h */,
				977456091B14F5060096221B /* AppDelegate.m */,
				9774560B1B14F5060096221B /* ViewController.h */,
				9774560C1B14F5060096221B /* ViewController.m */,
				9774562A1B150DD70096221B /* DetailViewController.h */,
				9774562B1B150DD70096221B /* DetailViewController.m */,
				9774560E1B14F5060096221B /* Main.storyboard */,
				9774562D1B151C910096221B /* WebViewController.h */,
				9774562E1B151C910096221B /* WebViewController.m */,
				977456111B14F5060096221B /* Images.xcassets */,
				977456131B14F5060096221B /* LaunchScreen.xib */,
				977456041B14F5060096221B /* Supporting Files */,
			);
			path = MeetUp;
			sourceTree = "<group>";
		};
		977456041B14F5060096221B /* Supporting Files */ = {
			isa = PBXGroup;
			children = (
				977456051B14F5060096221B /* Info.plist */,
				977456061B14F5060096221B /* main.m */,
			);
			name = "Supporting Files";
			sourceTree = "<group>";
		};
		9774561D1B14F5060096221B /* MeetUpTests */ = {
			isa = PBXGroup;
			children = (
				977456201B14F5060096221B /* MeetUpTests.m */,
				9774561E1B14F5060096221B /* Supporting Files */,
			);
			path = MeetUpTests;
			sourceTree = "<group>";
		};
		9774561E1B14F5060096221B /* Supporting Files */ = {
			isa = PBXGroup;
			children = (
				9774561F1B14F5060096221B /* Info.plist */,
			);
			name = "Supporting Files";
			sourceTree = "<group>";
		};
/* End PBXGroup section */

/* Begin PBXNativeTarget section */
		977456001B14F5060096221B /* MeetUp */ = {
			isa = PBXNativeTarget;
			buildConfigurationList = 977456241B14F5060096221B /* Build configuration list for PBXNativeTarget "MeetUp" */;
			buildPhases = (
				977455FD1B14F5060096221B /* Sources */,
				977455FE1B14F5060096221B /* Frameworks */,
				977455FF1B14F5060096221B /* Resources */,
			);
			buildRules = (
			);
			dependencies = (
			);
			name = MeetUp;
			productName = MeetUp;
			productReference = 977456011B14F5060096221B /* MeetUp.app */;
			productType = "com.apple.product-type.application";
		};
		977456191B14F5060096221B /* MeetUpTests */ = {
			isa = PBXNativeTarget;
			buildConfigurationList = 977456271B14F5060096221B /* Build configuration list for PBXNativeTarget "MeetUpTests" */;
			buildPhases = (
				977456161B14F5060096221B /* Sources */,
				977456171B14F5060096221B /* Frameworks */,
				977456181B14F5060096221B /* Resources */,
			);
			buildRules = (
			);
			dependencies = (
				9774561C1B14F5060096221B /* PBXTargetDependency */,
			);
			name = MeetUpTests;
			productName = MeetUpTests;
			productReference = 9774561A1B14F5060096221B /* MeetUpTests.xctest */;
			productType = "com.apple.product-type.bundle.unit-test";
		};
/* End PBXNativeTarget section */

/* Begin PBXProject section */
		977455F91B14F5060096221B /* Project object */ = {
			isa = PBXProject;
			attributes = {
				LastUpgradeCheck = 0630;
				ORGANIZATIONNAME = madApperz;
				TargetAttributes = {
					977456001B14F5060096221B = {
						CreatedOnToolsVersion = 6.3.1;
					};
					977456191B14F5060096221B = {
						CreatedOnToolsVersion = 6.3.1;
						TestTargetID = 977456001B14F5060096221B;
					};
				};
			};
			buildConfigurationList = 977455FC1B14F5060096221B /* Build configuration list for PBXProject "MeetUp" */;
			compatibilityVersion = "Xcode 3.2";
			developmentRegion = English;
			hasScannedForEncodings = 0;
			knownRegions = (
				en,
				Base,
			);
			mainGroup = 977455F81B14F5060096221B;
			productRefGroup = 977456021B14F5060096221B /* Products */;
			projectDirPath = "";
			projectRoot = "";
			targets = (
				977456001B14F5060096221B /* MeetUp */,
				977456191B14F5060096221B /* MeetUpTests */,
			);
		};
/* End PBXProject section */

/* Begin PBXResourcesBuildPhase section */
		977455FF1B14F5060096221B /* Resources */ = {
			isa = PBXResourcesBuildPhase;
			buildActionMask = 2147483647;
			files = (
				977456101B14F5060096221B /* Main.storyboard in Resources */,
				977456151B14F5060096221B /* LaunchScreen.xib in Resources */,
				977456121B14F5060096221B /* Images.xcassets in Resources */,
			);
			runOnlyForDeploymentPostprocessing = 0;
		};
		977456181B14F5060096221B /* Resources */ = {
			isa = PBXResourcesBuildPhase;
			buildActionMask = 2147483647;
			files = (
			);
			runOnlyForDeploymentPostprocessing = 0;
		};
/* End PBXResourcesBuildPhase section */

/* Begin PBXSourcesBuildPhase section */
		977455FD1B14F5060096221B /* Sources */ = {
			isa = PBXSourcesBuildPhase;
			buildActionMask = 2147483647;
			files = (
				9774560D1B14F5060096221B /* ViewController.m in Sources */,
				9774562F1B151C910096221B /* WebViewController.m in Sources */,
				9774560A1B14F5060096221B /* AppDelegate.m in Sources */,
				977456071B14F5060096221B /* main.m in Sources */,
				9774562C1B150DD70096221B /* DetailViewController.m in Sources */,
			);
			runOnlyForDeploymentPostprocessing = 0;
		};
		977456161B14F5060096221B /* Sources */ = {
			isa = PBXSourcesBuildPhase;
			buildActionMask = 2147483647;
			files = (
				977456211B14F5060096221B /* MeetUpTests.m in Sources */,
			);
			runOnlyForDeploymentPostprocessing = 0;
		};
/* End PBXSourcesBuildPhase section */

/* Begin PBXTargetDependency section */
		9774561C1B14F5060096221B /* PBXTargetDependency */ = {
			isa = PBXTargetDependency;
			target = 977456001B14F5060096221B /* MeetUp */;
			targetProxy = 9774561B1B14F5060096221B /* PBXContainerItemProxy */;
		};
/* End PBXTargetDependency section */

/* Begin PBXVariantGroup section */
		9774560E1B14F5060096221B /* Main.storyboard */ = {
			isa = PBXVariantGroup;
			children = (
				9774560F1B14F5060096221B /* Base */,
			);
			name = Main.storyboard;
			sourceTree = "<group>";
		};
		977456131B14F5060096221B /* LaunchScreen.xib */ = {
			isa = PBXVariantGroup;
			children = (
				977456141B14F5060096221B /* Base */,
			);
			name = LaunchScreen.xib;
			sourceTree = "<group>";
		};
/* End PBXVariantGroup section */

/* Begin XCBuildConfiguration section */
		977456221B14F5060096221B /* Debug */ = {
			isa = XCBuildConfiguration;
			buildSettings = {
				ALWAYS_SEARCH_USER_PATHS = NO;
				CLANG_CXX_LANGUAGE_STANDARD = "gnu++0x";
				CLANG_CXX_LIBRARY = "libc++";
				CLANG_ENABLE_MODULES = YES;
				CLANG_ENABLE_OBJC_ARC = YES;
				CLANG_WARN_BOOL_CONVERSION = YES;
				CLANG_WARN_CONSTANT_CONVERSION = YES;
				CLANG_WARN_DIRECT_OBJC_ISA_USAGE = YES_ERROR;
				CLANG_WARN_EMPTY_BODY = YES;
				CLANG_WARN_ENUM_CONVERSION = YES;
				CLANG_WARN_INT_CONVERSION = YES;
				CLANG_WARN_OBJC_ROOT_CLASS = YES_ERROR;
				CLANG_WARN_UNREACHABLE_CODE = YES;
				CLANG_WARN__DUPLICATE_METHOD_MATCH = YES;
				"CODE_SIGN_IDENTITY[sdk=iphoneos*]" = "iPhone Developer";
				COPY_PHASE_STRIP = NO;
				DEBUG_INFORMATION_FORMAT = "dwarf-with-dsym";
				ENABLE_STRICT_OBJC_MSGSEND = YES;
				GCC_C_LANGUAGE_STANDARD = gnu99;
				GCC_DYNAMIC_NO_PIC = NO;
				GCC_NO_COMMON_BLOCKS = YES;
				GCC_OPTIMIZATION_LEVEL = 0;
				GCC_PREPROCESSOR_DEFINITIONS = (
					"DEBUG=1",
					"$(inherited)",
				);
				GCC_SYMBOLS_PRIVATE_EXTERN = NO;
				GCC_WARN_64_TO_32_BIT_CONVERSION = YES;
				GCC_WARN_ABOUT_RETURN_TYPE = YES_ERROR;
				GCC_WARN_UNDECLARED_SELECTOR = YES;
				GCC_WARN_UNINITIALIZED_AUTOS = YES_AGGRESSIVE;
				GCC_WARN_UNUSED_FUNCTION = YES;
				GCC_WARN_UNUSED_VARIABLE = YES;
				IPHONEOS_DEPLOYMENT_TARGET = 8.3;
				MTL_ENABLE_DEBUG_INFO = YES;
				ONLY_ACTIVE_ARCH = YES;
				SDKROOT = iphoneos;
			};
			name = Debug;
		};
		977456231B14F5060096221B /* Release */ = {
			isa = XCBuildConfiguration;
			buildSettings = {
				ALWAYS_SEARCH_USER_PATHS = NO;
				CLANG_CXX_LANGUAGE_STANDARD = "gnu++0x";
				CLANG_CXX_LIBRARY = "libc++";
				CLANG_ENABLE_MODULES = YES;
				CLANG_ENABLE_OBJC_ARC = YES;
				CLANG_WARN_BOOL_CONVERSION = YES;
				CLANG_WARN_CONSTANT_CONVERSION = YES;
				CLANG_WARN_DIRECT_OBJC_ISA_USAGE = YES_ERROR;
				CLANG_WARN_EMPTY_BODY = YES;
				CLANG_WARN_ENUM_CONVERSION = YES;
				CLANG_WARN_INT_CONVERSION = YES;
				CLANG_WARN_OBJC_ROOT_CLASS = YES_ERROR;
				CLANG_WARN_UNREACHABLE_CODE = YES;
				CLANG_WARN__DUPLICATE_METHOD_MATCH = YES;
				"CODE_SIGN_IDENTITY[sdk=iphoneos*]" = "iPhone Developer";
				COPY_PHASE_STRIP = NO;
				DEBUG_INFORMATION_FORMAT = "dwarf-with-dsym";
				ENABLE_NS_ASSERTIONS = NO;
				ENABLE_STRICT_OBJC_MSGSEND = YES;
				GCC_C_LANGUAGE_STANDARD = gnu99;
				GCC_NO_COMMON_BLOCKS = YES;
				GCC_WARN_64_TO_32_BIT_CONVERSION = YES;
				GCC_WARN_ABOUT_RETURN_TYPE = YES_ERROR;
				GCC_WARN_UNDECLARED_SELECTOR = YES;
				GCC_WARN_UNINITIALIZED_AUTOS = YES_AGGRESSIVE;
				GCC_WARN_UNUSED_FUNCTION = YES;
				GCC_WARN_UNUSED_VARIABLE = YES;
				IPHONEOS_DEPLOYMENT_TARGET = 8.3;
				MTL_ENABLE_DEBUG_INFO = NO;
				SDKROOT = iphoneos;
				VALIDATE_PRODUCT = YES;
			};
			name = Release;
		};
		977456251B14F5060096221B /* Debug */ = {
			isa = XCBuildConfiguration;
			buildSettings = {
				ASSETCATALOG_COMPILER_APPICON_NAME = AppIcon;
				INFOPLIST_FILE = MeetUp/Info.plist;
				LD_RUNPATH_SEARCH_PATHS = "$(inherited) @executable_path/Frameworks";
				PRODUCT_NAME = "$(TARGET_NAME)";
			};
			name = Debug;
		};
		977456261B14F5060096221B /* Release */ = {
			isa = XCBuildConfiguration;
			buildSettings = {
				ASSETCATALOG_COMPILER_APPICON_NAME = AppIcon;
				INFOPLIST_FILE = MeetUp/Info.plist;
				LD_RUNPATH_SEARCH_PATHS = "$(inherited) @executable_path/Frameworks";
				PRODUCT_NAME = "$(TARGET_NAME)";
			};
			name = Release;
		};
		977456281B14F5060096221B /* Debug */ = {
			isa = XCBuildConfiguration;
			buildSettings = {
				BUNDLE_LOADER = "$(TEST_HOST)";
				FRAMEWORK_SEARCH_PATHS = (
					"$(SDKROOT)/Developer/Library/Frameworks",
					"$(inherited)",
				);
				GCC_PREPROCESSOR_DEFINITIONS = (
					"DEBUG=1",
					"$(inherited)",
				);
				INFOPLIST_FILE = MeetUpTests/Info.plist;
				LD_RUNPATH_SEARCH_PATHS = "$(inherited) @executable_path/Frameworks @loader_path/Frameworks";
				PRODUCT_NAME = "$(TARGET_NAME)";
				TEST_HOST = "$(BUILT_PRODUCTS_DIR)/MeetUp.app/MeetUp";
			};
			name = Debug;
		};
		977456291B14F5060096221B /* Release */ = {
			isa = XCBuildConfiguration;
			buildSettings = {
				BUNDLE_LOADER = "$(TEST_HOST)";
				FRAMEWORK_SEARCH_PATHS = (
					"$(SDKROOT)/Developer/Library/Frameworks",
					"$(inherited)",
				);
				INFOPLIST_FILE = MeetUpTests/Info.plist;
				LD_RUNPATH_SEARCH_PATHS = "$(inherited) @executable_path/Frameworks @loader_path/Frameworks";
				PRODUCT_NAME = "$(TARGET_NAME)";
				TEST_HOST = "$(BUILT_PRODUCTS_DIR)/MeetUp.app/MeetUp";
			};
			name = Release;
		};
/* End XCBuildConfiguration section */

/* Begin XCConfigurationList section */
		977455FC1B14F5060096221B /* Build configuration list for PBXProject "MeetUp" */ = {
			isa = XCConfigurationList;
			buildConfigurations = (
				977456221B14F5060096221B /* Debug */,
				977456231B14F5060096221B /* Release */,
			);
			defaultConfigurationIsVisible = 0;
			defaultConfigurationName = Release;
		};
		977456241B14F5060096221B /* Build configuration list for PBXNativeTarget "MeetUp" */ = {
			isa = XCConfigurationList;
			buildConfigurations = (
				977456251B14F5060096221B /* Debug */,
				977456261B14F5060096221B /* Release */,
			);
			defaultConfigurationIsVisible = 0;
		};
		977456271B14F5060096221B /* Build configuration list for PBXNativeTarget "MeetUpTests" */ = {
			isa = XCConfigurationList;
			buildConfigurations = (
				977456281B14F5060096221B /* Debug */,
				977456291B14F5060096221B /* Release */,
			);
			defaultConfigurationIsVisible = 0;
		};
/* End XCConfigurationList section */
	};
	rootObject = 977455F91B14F5060096221B /* Project object */;
}
